
Microsoft Visual Studio Solution File, Format Version 12.00
# Visual Studio Version 16
VisualStudioVersion = 16.0.30907.101
MinimumVisualStudioVersion = 10.0.40219.1
Project("{9092AA53-FB77-4645-B42D-1CCCA6BD08BD}") = "NodejsWebApp1", "NodejsWebApp1\NodejsWebApp1.njsproj", "{1D927341-A2C8-45EC-9F01-6F4B40D16C03}"
EndProject
Global
	GlobalSection(SolutionConfigurationPlatforms) = preSolution
		Debug|Any CPU = Debug|Any CPU
		Release|Any CPU = Release|Any CPU
	EndGlobalSection
	GlobalSection(ProjectConfigurationPlatforms) = postSolution
		{1D927341-A2C8-45EC-9F01-6F4B40D16C03}.Debug|Any CPU.ActiveCfg = Debug|Any CPU
		{1D927341-A2C8-45EC-9F01-6F4B40D16C03}.Debug|Any CPU.Build.0 = Debug|Any CPU
		{1D927341-A2C8-45EC-9F01-6F4B40D16C03}.Release|Any CPU.ActiveCfg = Release|Any CPU
		{1D927341-A2C8-45EC-9F01-6F4B40D16C03}.Release|Any CPU.Build.0 = Release|Any CPU
	EndGlobalSection
	GlobalSection(SolutionProperties) = preSolution
		HideSolutionNode = FALSE
	EndGlobalSection
	GlobalSection(ExtensibilityGlobals) = postSolution
		SolutionGuid = {7FE2E421-C074-4E1D-AFDD-9C5AE6091B43}
	EndGlobalSection
EndGlobal
